
Microsoft Visual Studio Solution File, Format Version 12.00
# Visual Studio 15
VisualStudioVersion = 15.0.28307.421
MinimumVisualStudioVersion = 10.0.40219.1
Project("{FAE04EC0-301F-11D3-BF4B-00C04F79EFBC}") = "WebApplication6", "WebApplication6\WebApplication6.csproj", "{B8987109-36FE-4FD5-9202-510C4A1D8820}"
EndProject
Project("{FAE04EC0-301F-11D3-BF4B-00C04F79EFBC}") = "Servicios", "Servicios\Servicios.csproj", "{94A24901-F0A6-4956-B019-9CF4A24D3E5F}"
EndProject
Project("{FAE04EC0-301F-11D3-BF4B-00C04F79EFBC}") = "Logica", "Logica\Logica.csproj", "{D7120BB3-E4C6-44E3-A7A5-FAFB5CA0F309}"
EndProject
Project("{FAE04EC0-301F-11D3-BF4B-00C04F79EFBC}") = "Acceso_Datos", "Acceso_Datos\Acceso_Datos.csproj", "{D80831B9-F4D8-40CA-8FC1-7D914DCC42F3}"
EndProject
Project("{FAE04EC0-301F-11D3-BF4B-00C04F79EFBC}") = "Entidades", "Entidades\Entidades.csproj", "{5B2A945E-ABEF-47B3-8502-A8552B7B904D}"
EndProject
Global
	GlobalSection(SolutionConfigurationPlatforms) = preSolution
		Debug|Any CPU = Debug|Any CPU
		Release|Any CPU = Release|Any CPU
	EndGlobalSection
	GlobalSection(ProjectConfigurationPlatforms) = postSolution
		{B8987109-36FE-4FD5-9202-510C4A1D8820}.Debug|Any CPU.ActiveCfg = Debug|Any CPU
		{B8987109-36FE-4FD5-9202-510C4A1D8820}.Debug|Any CPU.Build.0 = Debug|Any CPU
		{B8987109-36FE-4FD5-9202-510C4A1D8820}.Release|Any CPU.ActiveCfg = Release|Any CPU
		{B8987109-36FE-4FD5-9202-510C4A1D8820}.Release|Any CPU.Build.0 = Release|Any CPU
		{94A24901-F0A6-4956-B019-9CF4A24D3E5F}.Debug|Any CPU.ActiveCfg = Debug|Any CPU
		{94A24901-F0A6-4956-B019-9CF4A24D3E5F}.Debug|Any CPU.Build.0 = Debug|Any CPU
		{94A24901-F0A6-4956-B019-9CF4A24D3E5F}.Release|Any CPU.ActiveCfg = Release|Any CPU
		{94A24901-F0A6-4956-B019-9CF4A24D3E5F}.Release|Any CPU.Build.0 = Release|Any CPU
		{D7120BB3-E4C6-44E3-A7A5-FAFB5CA0F309}.Debug|Any CPU.ActiveCfg = Debug|Any CPU
		{D7120BB3-E4C6-44E3-A7A5-FAFB5CA0F309}.Debug|Any CPU.Build.0 = Debug|Any CPU
		{D7120BB3-E4C6-44E3-A7A5-FAFB5CA0F309}.Release|Any CPU.ActiveCfg = Release|Any CPU
		{D7120BB3-E4C6-44E3-A7A5-FAFB5CA0F309}.Release|Any CPU.Build.0 = Release|Any CPU
		{D80831B9-F4D8-40CA-8FC1-7D914DCC42F3}.Debug|Any CPU.ActiveCfg = Debug|Any CPU
		{D80831B9-F4D8-40CA-8FC1-7D914DCC42F3}.Debug|Any CPU.Build.0 = Debug|Any CPU
		{D80831B9-F4D8-40CA-8FC1-7D914DCC42F3}.Release|Any CPU.ActiveCfg = Release|Any CPU
		{D80831B9-F4D8-40CA-8FC1-7D914DCC42F3}.Release|Any CPU.Build.0 = Release|Any CPU
		{5B2A945E-ABEF-47B3-8502-A8552B7B904D}.Debug|Any CPU.ActiveCfg = Debug|Any CPU
		{5B2A945E-ABEF-47B3-8502-A8552B7B904D}.Debug|Any CPU.Build.0 = Debug|Any CPU
		{5B2A945E-ABEF-47B3-8502-A8552B7B904D}.Release|Any CPU.ActiveCfg = Release|Any CPU
		{5B2A945E-ABEF-47B3-8502-A8552B7B904D}.Release|Any CPU.Build.0 = Release|Any CPU
	EndGlobalSection
	GlobalSection(SolutionProperties) = preSolution
		HideSolutionNode = FALSE
	EndGlobalSection
	GlobalSection(ExtensibilityGlobals) = postSolution
		SolutionGuid = {140DEFD6-0916-4A73-B585-37A636D39F66}
	EndGlobalSection
EndGlobal
